
Microsoft Visual Studio Solution File, Format Version 12.00
# Visual Studio Version 17
VisualStudioVersion = 17.1.32421.90
MinimumVisualStudioVersion = 10.0.40219.1
Project("{FAE04EC0-301F-11D3-BF4B-00C04F79EFBC}") = "Hulu.Foundation.Audit.Abstractions", "Hulu.Foundation.Audit.Abstractions\Hulu.Foundation.Audit.Abstractions.csproj", "{39172A9D-C7A0-4924-8347-2BC37637A1CA}"
EndProject
Global
	GlobalSection(SolutionConfigurationPlatforms) = preSolution
		Debug|Any CPU = Debug|Any CPU
		Release|Any CPU = Release|Any CPU
	EndGlobalSection
	GlobalSection(ProjectConfigurationPlatforms) = postSolution
		{39172A9D-C7A0-4924-8347-2BC37637A1CA}.Debug|Any CPU.ActiveCfg = Debug|Any CPU
		{39172A9D-C7A0-4924-8347-2BC37637A1CA}.Debug|Any CPU.Build.0 = Debug|Any CPU
		{39172A9D-C7A0-4924-8347-2BC37637A1CA}.Release|Any CPU.ActiveCfg = Release|Any CPU
		{39172A9D-C7A0-4924-8347-2BC37637A1CA}.Release|Any CPU.Build.0 = Release|Any CPU
	EndGlobalSection
	GlobalSection(SolutionProperties) = preSolution
		HideSolutionNode = FALSE
	EndGlobalSection
	GlobalSection(ExtensibilityGlobals) = postSolution
		SolutionGuid = {A19E3E6D-17A9-432D-8B19-73BDC9A5AD97}
	EndGlobalSection
EndGlobal
